<?xml version="1.0" encoding="utf-8"?>
<Project ToolsVersion="4.0" xmlns="http://schemas.microsoft.com/developer/msbuild/2003">
  <ItemGroup>
    <Filter Include="Source Files">
      <UniqueIdentifier>{4FC737F1-C7A5-4376-A066-2A32D752A2FF}</UniqueIdentifier>
      <Extensions>cpp;c;cc;cxx;c++;cppm;ixx;def;odl;idl;hpj;bat;asm;asmx</Extensions>
    </Filter>
    <Filter Include="Header Files">
      <UniqueIdentifier>{93995380-89BD-4b04-88EB-625FBE52EBFB}</UniqueIdentifier>
      <Extensions>h;hh;hpp;hxx;h++;hm;inl;inc;ipp;xsd</Extensions>
    </Filter>
    <Filter Include="Resource Files">
      <UniqueIdentifier>{67DA6AB6-F800-4c08-8B7A-83BB121AAD01}</UniqueIdentifier>
      <Extensions>rc;ico;cur;bmp;dlg;rc2;rct;bin;rgs;gif;jpg;jpeg;jpe;resx;tiff;tif;png;wav;mfcribbon-ms</Extensions>
    </Filter>
    <Filter Include="Source Files\01. 네트워크 프로그래밍과 소켓의 이해">
      <UniqueIdentifier>{3b5f771a-9d14-4f31-add3-4ef13fe51611}</UniqueIdentifier>
    </Filter>
    <Filter Include="Source Files\02. 소켓의 타입과 프로토콜의 설정">
      <UniqueIdentifier>{444ef289-f6dc-45a0-966f-fae1c2d2b727}</UniqueIdentifier>
    </Filter>
    <Filter Include="Source Files\03. 주소체계와 데이터 정렬">
      <UniqueIdentifier>{66b9bef7-0d86-4d54-8ad6-369798dd3399}</UniqueIdentifier>
    </Filter>
    <Filter Include="Source Files\04. TCP기반 서버/클라이언트 1">
      <UniqueIdentifier>{269a3b76-6fcf-41ec-87c0-74a5d213e328}</UniqueIdentifier>
    </Filter>
    <Filter Include="Source Files\05. TCP기반 서버/클라이언트 2">
      <UniqueIdentifier>{c6dbb85d-1bef-49b1-8af2-7dbbec5a8ceb}</UniqueIdentifier>
    </Filter>
  </ItemGroup>
  <ItemGroup>
    <ClCompile Include="hello_server_win.c">
      <Filter>Source Files\01. 네트워크 프로그래밍과 소켓의 이해</Filter>
    </ClCompile>
    <ClCompile Include="hello_client_win.c">
      <Filter>Source Files\01. 네트워크 프로그래밍과 소켓의 이해</Filter>
    </ClCompile>
    <ClCompile Include="low_open.c">
      <Filter>Source Files\01. 네트워크 프로그래밍과 소켓의 이해</Filter>
    </ClCompile>
    <ClCompile Include="low_read.c">
      <Filter>Source Files\01. 네트워크 프로그래밍과 소켓의 이해</Filter>
    </ClCompile>
    <ClCompile Include="tcp_client_win.c">
      <Filter>Source Files\02. 소켓의 타입과 프로토콜의 설정</Filter>
    </ClCompile>
    <ClCompile Include="tcp_server_win.c">
      <Filter>Source Files\02. 소켓의 타입과 프로토콜의 설정</Filter>
    </ClCompile>
    <ClCompile Include="tcp_server_win_2.c">
      <Filter>Source Files\02. 소켓의 타입과 프로토콜의 설정</Filter>
    </ClCompile>
    <ClCompile Include="tcp_client_win_2.c">
      <Filter>Source Files\02. 소켓의 타입과 프로토콜의 설정</Filter>
    </ClCompile>
    <ClCompile Include="endian_conv.c">
      <Filter>Source Files\03. 주소체계와 데이터 정렬</Filter>
    </ClCompile>
    <ClCompile Include="inet_addr.c">
      <Filter>Source Files\03. 주소체계와 데이터 정렬</Filter>
    </ClCompile>
    <ClCompile Include="inet_aton.c">
      <Filter>Source Files\03. 주소체계와 데이터 정렬</Filter>
    </ClCompile>
    <ClCompile Include="inet_ntoa.c">
      <Filter>Source Files\03. 주소체계와 데이터 정렬</Filter>
    </ClCompile>
    <ClCompile Include="endian_conv_win.c">
      <Filter>Source Files\03. 주소체계와 데이터 정렬</Filter>
    </ClCompile>
    <ClCompile Include="inet_adrconv_win.c">
      <Filter>Source Files\03. 주소체계와 데이터 정렬</Filter>
    </ClCompile>
    <ClCompile Include="conv_addr_win.c">
      <Filter>Source Files\03. 주소체계와 데이터 정렬</Filter>
    </ClCompile>
    <ClCompile Include="hello_server.c">
      <Filter>Source Files\04. TCP기반 서버/클라이언트 1</Filter>
    </ClCompile>
    <ClCompile Include="hello_client.c">
      <Filter>Source Files\04. TCP기반 서버/클라이언트 1</Filter>
    </ClCompile>
    <ClCompile Include="echo_server.c">
      <Filter>Source Files\04. TCP기반 서버/클라이언트 1</Filter>
    </ClCompile>
    <ClCompile Include="echo_client.c">
      <Filter>Source Files\04. TCP기반 서버/클라이언트 1</Filter>
    </ClCompile>
    <ClCompile Include="echo_server_win.c">
      <Filter>Source Files\04. TCP기반 서버/클라이언트 1</Filter>
    </ClCompile>
    <ClCompile Include="echo_client_win.c">
      <Filter>Source Files\04. TCP기반 서버/클라이언트 1</Filter>
    </ClCompile>
    <ClCompile Include="hello_server_win_4.c">
      <Filter>Source Files\04. TCP기반 서버/클라이언트 1</Filter>
    </ClCompile>
    <ClCompile Include="hello_client_win_4.c">
      <Filter>Source Files\04. TCP기반 서버/클라이언트 1</Filter>
    </ClCompile>
    <ClCompile Include="echo_client_win_2.c">
      <Filter>Source Files\05. TCP기반 서버/클라이언트 2</Filter>
    </ClCompile>
    <ClCompile Include="test_calc_server_win.c">
      <Filter>Source Files\05. TCP기반 서버/클라이언트 2</Filter>
    </ClCompile>
    <ClCompile Include="test_calc_client_win.c">
      <Filter>Source Files\05. TCP기반 서버/클라이언트 2</Filter>
    </ClCompile>
    <ClCompile Include="op_client.c">
      <Filter>Source Files\05. TCP기반 서버/클라이언트 2</Filter>
    </ClCompile>
    <ClCompile Include="op_server.c">
      <Filter>Source Files\05. TCP기반 서버/클라이언트 2</Filter>
    </ClCompile>
    <ClCompile Include="tcp_server_5_win.c">
      <Filter>Source Files\05. TCP기반 서버/클라이언트 2</Filter>
    </ClCompile>
    <ClCompile Include="tcp_client_5_win.c">
      <Filter>Source Files\05. TCP기반 서버/클라이언트 2</Filter>
    </ClCompile>
    <ClCompile Include="tcp_server_file_win.c">
      <Filter>Source Files\05. TCP기반 서버/클라이언트 2</Filter>
    </ClCompile>
    <ClCompile Include="tcp_client_file_win.c">
      <Filter>Source Files\05. TCP기반 서버/클라이언트 2</Filter>
    </ClCompile>
  </ItemGroup>
</Project>